
Microsoft Visual Studio Solution File, Format Version 12.00
# Visual Studio Version 16
VisualStudioVersion = 16.0.31410.357
MinimumVisualStudioVersion = 10.0.40219.1
Project("{FAE04EC0-301F-11D3-BF4B-00C04F79EFBC}") = "InsightIn.Api", "InsightIn.Api.csproj", "{D1D66A0C-E94E-4270-BAF5-B6F4DD40569A}"
EndProject
Global
	GlobalSection(SolutionConfigurationPlatforms) = preSolution
		Debug|Any CPU = Debug|Any CPU
		Release|Any CPU = Release|Any CPU
	EndGlobalSection
	GlobalSection(ProjectConfigurationPlatforms) = postSolution
		{D1D66A0C-E94E-4270-BAF5-B6F4DD40569A}.Debug|Any CPU.ActiveCfg = Debug|Any CPU
		{D1D66A0C-E94E-4270-BAF5-B6F4DD40569A}.Debug|Any CPU.Build.0 = Debug|Any CPU
		{D1D66A0C-E94E-4270-BAF5-B6F4DD40569A}.Release|Any CPU.ActiveCfg = Release|Any CPU
		{D1D66A0C-E94E-4270-BAF5-B6F4DD40569A}.Release|Any CPU.Build.0 = Release|Any CPU
	EndGlobalSection
	GlobalSection(SolutionProperties) = preSolution
		HideSolutionNode = FALSE
	EndGlobalSection
	GlobalSection(ExtensibilityGlobals) = postSolution
		SolutionGuid = {EFBA275A-D3CE-4E58-83CD-6EAA73466A1E}
	EndGlobalSection
EndGlobal
